
Microsoft Visual Studio Solution File, Format Version 12.00
# Visual Studio Version 16
VisualStudioVersion = 16.0.31025.194
MinimumVisualStudioVersion = 10.0.40219.1
Project("{FAE04EC0-301F-11D3-BF4B-00C04F79EFBC}") = "HarrysGroceryStore", "HarrysGroceryStore\HarrysGroceryStore.csproj", "{D19B60C9-AFBE-4D8D-92DB-483E5722838B}"
EndProject
Global
	GlobalSection(SolutionConfigurationPlatforms) = preSolution
		Debug|Any CPU = Debug|Any CPU
		Release|Any CPU = Release|Any CPU
	EndGlobalSection
	GlobalSection(ProjectConfigurationPlatforms) = postSolution
		{D19B60C9-AFBE-4D8D-92DB-483E5722838B}.Debug|Any CPU.ActiveCfg = Debug|Any CPU
		{D19B60C9-AFBE-4D8D-92DB-483E5722838B}.Debug|Any CPU.Build.0 = Debug|Any CPU
		{D19B60C9-AFBE-4D8D-92DB-483E5722838B}.Release|Any CPU.ActiveCfg = Release|Any CPU
		{D19B60C9-AFBE-4D8D-92DB-483E5722838B}.Release|Any CPU.Build.0 = Release|Any CPU
	EndGlobalSection
	GlobalSection(SolutionProperties) = preSolution
		HideSolutionNode = FALSE
	EndGlobalSection
	GlobalSection(ExtensibilityGlobals) = postSolution
		SolutionGuid = {3C728125-32CD-4869-9D4A-E310A6936F16}
	EndGlobalSection
EndGlobal
